
Microsoft Visual Studio Solution File, Format Version 12.00
# Visual Studio Version 16
VisualStudioVersion = 16.0.29519.181
MinimumVisualStudioVersion = 10.0.40219.1
Project("{FAE04EC0-301F-11D3-BF4B-00C04F79EFBC}") = "WinformSql", "WinformSql\WinformSql.csproj", "{1EF639E4-1BF1-45E9-8D8D-01A322A23772}"
EndProject
Global
	GlobalSection(SolutionConfigurationPlatforms) = preSolution
		Debug|Any CPU = Debug|Any CPU
		Release|Any CPU = Release|Any CPU
	EndGlobalSection
	GlobalSection(ProjectConfigurationPlatforms) = postSolution
		{1EF639E4-1BF1-45E9-8D8D-01A322A23772}.Debug|Any CPU.ActiveCfg = Debug|Any CPU
		{1EF639E4-1BF1-45E9-8D8D-01A322A23772}.Debug|Any CPU.Build.0 = Debug|Any CPU
		{1EF639E4-1BF1-45E9-8D8D-01A322A23772}.Release|Any CPU.ActiveCfg = Release|Any CPU
		{1EF639E4-1BF1-45E9-8D8D-01A322A23772}.Release|Any CPU.Build.0 = Release|Any CPU
	EndGlobalSection
	GlobalSection(SolutionProperties) = preSolution
		HideSolutionNode = FALSE
	EndGlobalSection
	GlobalSection(ExtensibilityGlobals) = postSolution
		SolutionGuid = {C0BAFFA6-EC67-45DD-8BE2-86D4EB1D7BBD}
	EndGlobalSection
EndGlobal
